
Microsoft Visual Studio Solution File, Format Version 12.00
# Visual Studio Version 17
VisualStudioVersion = 17.4.33213.308
MinimumVisualStudioVersion = 10.0.40219.1
Project("{2150E333-8FDC-42A3-9474-1A3956D46DE8}") = "SolutionItems", "SolutionItems", "{6353B814-07F6-4E80-9AFF-4C29D830EA7D}"
EndProject
Project("{2150E333-8FDC-42A3-9474-1A3956D46DE8}") = "src", "src", "{7EBABDE7-9B66-43F6-A92D-00BE39FDFD1F}"
EndProject
Project("{2150E333-8FDC-42A3-9474-1A3956D46DE8}") = "ApiGateways", "ApiGateways", "{243EDE39-D991-405C-9491-34B4D574EAA0}"
EndProject
Project("{2150E333-8FDC-42A3-9474-1A3956D46DE8}") = "BuildingBlocks", "BuildingBlocks", "{3A4DE3CB-EA4E-4AFC-9EAA-5E36FA894058}"
EndProject
Project("{2150E333-8FDC-42A3-9474-1A3956D46DE8}") = "Services", "Services", "{50092468-4F08-4636-815A-3984B0F87429}"
EndProject
Project("{2150E333-8FDC-42A3-9474-1A3956D46DE8}") = "Clients", "Clients", "{60B0813E-7BAC-408B-998A-86E8CE3F020D}"
EndProject
Project("{2150E333-8FDC-42A3-9474-1A3956D46DE8}") = "WebApiGateway", "WebApiGateway", "{BA5648FE-9F0F-4B96-A0DE-542065FAE6BC}"
EndProject
Project("{FAE04EC0-301F-11D3-BF4B-00C04F79EFBC}") = "Web.ApiGateway", "src\ApiGateways\WebApiGateway\Web.ApiGateway\Web.ApiGateway.csproj", "{9E03A8D5-E683-426F-A15F-FC131E3F05CA}"
EndProject
Project("{2150E333-8FDC-42A3-9474-1A3956D46DE8}") = "EventBus", "EventBus", "{542A8643-2B78-40CA-9B37-0F9491565394}"
EndProject
Project("{FAE04EC0-301F-11D3-BF4B-00C04F79EFBC}") = "EventBus.Base", "src\BuildingBlocks\EventBus\EventBus.Base\EventBus.Base.csproj", "{B077037C-98AF-49A3-8324-112B299F8D65}"
EndProject
Project("{FAE04EC0-301F-11D3-BF4B-00C04F79EFBC}") = "EventBus.Factory", "src\BuildingBlocks\EventBus\EventBus.Factory\EventBus.Factory.csproj", "{BF628FA1-0EB8-43D8-BB1D-5FAC06AE52EC}"
EndProject
Project("{FAE04EC0-301F-11D3-BF4B-00C04F79EFBC}") = "EventBus.AzureServiceBus", "src\BuildingBlocks\EventBus\EventBus.AzureServiceBus\EventBus.AzureServiceBus.csproj", "{64FB6115-F3A0-4002-BB2A-12B0C3C17C63}"
EndProject
Project("{FAE04EC0-301F-11D3-BF4B-00C04F79EFBC}") = "EventBus.RabbitMQ", "src\BuildingBlocks\EventBus\EventBus.RabbitMQ\EventBus.RabbitMQ.csproj", "{15D83FE0-FFCD-4767-AE9E-9BE462B7E789}"
EndProject
Project("{2150E333-8FDC-42A3-9474-1A3956D46DE8}") = "BlazorWebApp", "BlazorWebApp", "{D9D54F64-4BEC-44F5-98CD-F2BFAC867CAA}"
EndProject
Project("{FAE04EC0-301F-11D3-BF4B-00C04F79EFBC}") = "WebApp", "src\Clients\BlazorWebApp\WebApp\WebApp.csproj", "{F39775B7-B6DD-4ECD-AD50-D7B05709215F}"
EndProject
Project("{2150E333-8FDC-42A3-9474-1A3956D46DE8}") = "BasketService", "BasketService", "{4D39C61E-7EE1-426C-A3C3-73E1853AD1F6}"
EndProject
Project("{FAE04EC0-301F-11D3-BF4B-00C04F79EFBC}") = "BasketService.Api", "src\Services\BasketService\BasketService.Api\BasketService.Api.csproj", "{2EEADBAA-0C6D-4912-9102-A05E9B8A2834}"
EndProject
Project("{2150E333-8FDC-42A3-9474-1A3956D46DE8}") = "CatalogService", "CatalogService", "{3DCBCF90-FACE-4161-8F74-E472982F0BE5}"
EndProject
Project("{FAE04EC0-301F-11D3-BF4B-00C04F79EFBC}") = "CatalogService.Api", "src\Services\CatalogService\CatalogService.Api\CatalogService.Api.csproj", "{A097F255-E3E5-4835-AEC5-77DE0DE5A36F}"
EndProject
Project("{2150E333-8FDC-42A3-9474-1A3956D46DE8}") = "IdentityService", "IdentityService", "{AF4B5B13-8635-428A-A2F8-81AF3ACD0A38}"
EndProject
Project("{FAE04EC0-301F-11D3-BF4B-00C04F79EFBC}") = "IdentityService.Api", "src\Services\IdentityService.Api\IdentityService.Api.csproj", "{A2659684-8063-4091-874E-B3A44DDA4689}"
EndProject
Project("{2150E333-8FDC-42A3-9474-1A3956D46DE8}") = "NotificationService", "NotificationService", "{32502D39-FA7D-40D9-B2CA-6A7639652DB6}"
EndProject
Project("{FAE04EC0-301F-11D3-BF4B-00C04F79EFBC}") = "NotificationService", "src\Services\NotificationService\NotificationService\NotificationService.csproj", "{08487520-84B7-44D6-A8AA-D5C43740D0A5}"
EndProject
Global
	GlobalSection(SolutionConfigurationPlatforms) = preSolution
		Debug|Any CPU = Debug|Any CPU
		Release|Any CPU = Release|Any CPU
	EndGlobalSection
	GlobalSection(ProjectConfigurationPlatforms) = postSolution
		{9E03A8D5-E683-426F-A15F-FC131E3F05CA}.Debug|Any CPU.ActiveCfg = Debug|Any CPU
		{9E03A8D5-E683-426F-A15F-FC131E3F05CA}.Debug|Any CPU.Build.0 = Debug|Any CPU
		{9E03A8D5-E683-426F-A15F-FC131E3F05CA}.Release|Any CPU.ActiveCfg = Release|Any CPU
		{9E03A8D5-E683-426F-A15F-FC131E3F05CA}.Release|Any CPU.Build.0 = Release|Any CPU
		{B077037C-98AF-49A3-8324-112B299F8D65}.Debug|Any CPU.ActiveCfg = Debug|Any CPU
		{B077037C-98AF-49A3-8324-112B299F8D65}.Debug|Any CPU.Build.0 = Debug|Any CPU
		{B077037C-98AF-49A3-8324-112B299F8D65}.Release|Any CPU.ActiveCfg = Release|Any CPU
		{B077037C-98AF-49A3-8324-112B299F8D65}.Release|Any CPU.Build.0 = Release|Any CPU
		{BF628FA1-0EB8-43D8-BB1D-5FAC06AE52EC}.Debug|Any CPU.ActiveCfg = Debug|Any CPU
		{BF628FA1-0EB8-43D8-BB1D-5FAC06AE52EC}.Debug|Any CPU.Build.0 = Debug|Any CPU
		{BF628FA1-0EB8-43D8-BB1D-5FAC06AE52EC}.Release|Any CPU.ActiveCfg = Release|Any CPU
		{BF628FA1-0EB8-43D8-BB1D-5FAC06AE52EC}.Release|Any CPU.Build.0 = Release|Any CPU
		{64FB6115-F3A0-4002-BB2A-12B0C3C17C63}.Debug|Any CPU.ActiveCfg = Debug|Any CPU
		{64FB6115-F3A0-4002-BB2A-12B0C3C17C63}.Debug|Any CPU.Build.0 = Debug|Any CPU
		{64FB6115-F3A0-4002-BB2A-12B0C3C17C63}.Release|Any CPU.ActiveCfg = Release|Any CPU
		{64FB6115-F3A0-4002-BB2A-12B0C3C17C63}.Release|Any CPU.Build.0 = Release|Any CPU
		{15D83FE0-FFCD-4767-AE9E-9BE462B7E789}.Debug|Any CPU.ActiveCfg = Debug|Any CPU
		{15D83FE0-FFCD-4767-AE9E-9BE462B7E789}.Debug|Any CPU.Build.0 = Debug|Any CPU
		{15D83FE0-FFCD-4767-AE9E-9BE462B7E789}.Release|Any CPU.ActiveCfg = Release|Any CPU
		{15D83FE0-FFCD-4767-AE9E-9BE462B7E789}.Release|Any CPU.Build.0 = Release|Any CPU
		{F39775B7-B6DD-4ECD-AD50-D7B05709215F}.Debug|Any CPU.ActiveCfg = Debug|Any CPU
		{F39775B7-B6DD-4ECD-AD50-D7B05709215F}.Debug|Any CPU.Build.0 = Debug|Any CPU
		{F39775B7-B6DD-4ECD-AD50-D7B05709215F}.Release|Any CPU.ActiveCfg = Release|Any CPU
		{F39775B7-B6DD-4ECD-AD50-D7B05709215F}.Release|Any CPU.Build.0 = Release|Any CPU
		{2EEADBAA-0C6D-4912-9102-A05E9B8A2834}.Debug|Any CPU.ActiveCfg = Debug|Any CPU
		{2EEADBAA-0C6D-4912-9102-A05E9B8A2834}.Debug|Any CPU.Build.0 = Debug|Any CPU
		{2EEADBAA-0C6D-4912-9102-A05E9B8A2834}.Release|Any CPU.ActiveCfg = Release|Any CPU
		{2EEADBAA-0C6D-4912-9102-A05E9B8A2834}.Release|Any CPU.Build.0 = Release|Any CPU
		{A097F255-E3E5-4835-AEC5-77DE0DE5A36F}.Debug|Any CPU.ActiveCfg = Debug|Any CPU
		{A097F255-E3E5-4835-AEC5-77DE0DE5A36F}.Debug|Any CPU.Build.0 = Debug|Any CPU
		{A097F255-E3E5-4835-AEC5-77DE0DE5A36F}.Release|Any CPU.ActiveCfg = Release|Any CPU
		{A097F255-E3E5-4835-AEC5-77DE0DE5A36F}.Release|Any CPU.Build.0 = Release|Any CPU
		{A2659684-8063-4091-874E-B3A44DDA4689}.Debug|Any CPU.ActiveCfg = Debug|Any CPU
		{A2659684-8063-4091-874E-B3A44DDA4689}.Debug|Any CPU.Build.0 = Debug|Any CPU
		{A2659684-8063-4091-874E-B3A44DDA4689}.Release|Any CPU.ActiveCfg = Release|Any CPU
		{A2659684-8063-4091-874E-B3A44DDA4689}.Release|Any CPU.Build.0 = Release|Any CPU
		{08487520-84B7-44D6-A8AA-D5C43740D0A5}.Debug|Any CPU.ActiveCfg = Debug|Any CPU
		{08487520-84B7-44D6-A8AA-D5C43740D0A5}.Debug|Any CPU.Build.0 = Debug|Any CPU
		{08487520-84B7-44D6-A8AA-D5C43740D0A5}.Release|Any CPU.ActiveCfg = Release|Any CPU
		{08487520-84B7-44D6-A8AA-D5C43740D0A5}.Release|Any CPU.Build.0 = Release|Any CPU
	EndGlobalSection
	GlobalSection(SolutionProperties) = preSolution
		HideSolutionNode = FALSE
	EndGlobalSection
	GlobalSection(NestedProjects) = preSolution
		{243EDE39-D991-405C-9491-34B4D574EAA0} = {7EBABDE7-9B66-43F6-A92D-00BE39FDFD1F}
		{3A4DE3CB-EA4E-4AFC-9EAA-5E36FA894058} = {7EBABDE7-9B66-43F6-A92D-00BE39FDFD1F}
		{50092468-4F08-4636-815A-3984B0F87429} = {7EBABDE7-9B66-43F6-A92D-00BE39FDFD1F}
		{60B0813E-7BAC-408B-998A-86E8CE3F020D} = {7EBABDE7-9B66-43F6-A92D-00BE39FDFD1F}
		{BA5648FE-9F0F-4B96-A0DE-542065FAE6BC} = {243EDE39-D991-405C-9491-34B4D574EAA0}
		{9E03A8D5-E683-426F-A15F-FC131E3F05CA} = {BA5648FE-9F0F-4B96-A0DE-542065FAE6BC}
		{542A8643-2B78-40CA-9B37-0F9491565394} = {3A4DE3CB-EA4E-4AFC-9EAA-5E36FA894058}
		{B077037C-98AF-49A3-8324-112B299F8D65} = {542A8643-2B78-40CA-9B37-0F9491565394}
		{BF628FA1-0EB8-43D8-BB1D-5FAC06AE52EC} = {542A8643-2B78-40CA-9B37-0F9491565394}
		{64FB6115-F3A0-4002-BB2A-12B0C3C17C63} = {542A8643-2B78-40CA-9B37-0F9491565394}
		{15D83FE0-FFCD-4767-AE9E-9BE462B7E789} = {542A8643-2B78-40CA-9B37-0F9491565394}
		{D9D54F64-4BEC-44F5-98CD-F2BFAC867CAA} = {60B0813E-7BAC-408B-998A-86E8CE3F020D}
		{F39775B7-B6DD-4ECD-AD50-D7B05709215F} = {D9D54F64-4BEC-44F5-98CD-F2BFAC867CAA}
		{4D39C61E-7EE1-426C-A3C3-73E1853AD1F6} = {50092468-4F08-4636-815A-3984B0F87429}
		{2EEADBAA-0C6D-4912-9102-A05E9B8A2834} = {4D39C61E-7EE1-426C-A3C3-73E1853AD1F6}
		{3DCBCF90-FACE-4161-8F74-E472982F0BE5} = {50092468-4F08-4636-815A-3984B0F87429}
		{A097F255-E3E5-4835-AEC5-77DE0DE5A36F} = {3DCBCF90-FACE-4161-8F74-E472982F0BE5}
		{AF4B5B13-8635-428A-A2F8-81AF3ACD0A38} = {50092468-4F08-4636-815A-3984B0F87429}
		{A2659684-8063-4091-874E-B3A44DDA4689} = {AF4B5B13-8635-428A-A2F8-81AF3ACD0A38}
		{32502D39-FA7D-40D9-B2CA-6A7639652DB6} = {50092468-4F08-4636-815A-3984B0F87429}
		{08487520-84B7-44D6-A8AA-D5C43740D0A5} = {32502D39-FA7D-40D9-B2CA-6A7639652DB6}
	EndGlobalSection
	GlobalSection(ExtensibilityGlobals) = postSolution
		SolutionGuid = {E8721BBC-B084-4EEA-B65F-68C11371B030}
	EndGlobalSection
EndGlobal
